// !$*UTF8*$!
{
	archiveVersion = 1;
	classes = {
	};
	objectVersion = 56;
	objects = {

/* Begin PBXBuildFile section */
		033A53FD299085F700C08ECC /* AppDelegate.swift in Sources */ = {isa = PBXBuildFile; fileRef = 033A53FC299085F700C08ECC /* AppDelegate.swift */; };
		033A53FF299085F700C08ECC /* SceneDelegate.swift in Sources */ = {isa = PBXBuildFile; fileRef = 033A53FE299085F700C08ECC /* SceneDelegate.swift */; };
		033A5401299085F700C08ECC /* ViewController.swift in Sources */ = {isa = PBXBuildFile; fileRef = 033A5400299085F700C08ECC /* ViewController.swift */; };
		033A5404299085F700C08ECC /* Main.storyboard in Resources */ = {isa = PBXBuildFile; fileRef = 033A5402299085F700C08ECC /* Main.storyboard */; };
		033A5406299085F900C08ECC /* Assets.xcassets in Resources */ = {isa = PBXBuildFile; fileRef = 033A5405299085F900C08ECC /* Assets.xcassets */; };
		033A5409299085F900C08ECC /* LaunchScreen.storyboard in Resources */ = {isa = PBXBuildFile; fileRef = 033A5407299085F900C08ECC /* LaunchScreen.storyboard */; };
		033A5411299086F900C08ECC /* MapViewController.swift in Sources */ = {isa = PBXBuildFile; fileRef = 033A5410299086F900C08ECC /* MapViewController.swift */; };
		033A54132991A22E00C08ECC /* Data.plist in Resources */ = {isa = PBXBuildFile; fileRef = 033A54122991A22E00C08ECC /* Data.plist */; };
		033A54152991A92800C08ECC /* Place.swift in Sources */ = {isa = PBXBuildFile; fileRef = 033A54142991A92800C08ECC /* Place.swift */; };
		033A54172991AABC00C08ECC /* PlaceMarkerView.swift in Sources */ = {isa = PBXBuildFile; fileRef = 033A54162991AABC00C08ECC /* PlaceMarkerView.swift */; };
		033A541B2992E0A700C08ECC /* FavoritesViewController.swift in Sources */ = {isa = PBXBuildFile; fileRef = 033A541A2992E0A700C08ECC /* FavoritesViewController.swift */; };
		033A541D2993009E00C08ECC /* DataManager.swift in Sources */ = {isa = PBXBuildFile; fileRef = 033A541C2993009E00C08ECC /* DataManager.swift */; };
/* End PBXBuildFile section */

/* Begin PBXFileReference section */
		033A53F9299085F700C08ECC /* My-Kind-Of-Town.app */ = {isa = PBXFileReference; explicitFileType = wrapper.application; includeInIndex = 0; path = "My-Kind-Of-Town.app"; sourceTree = BUILT_PRODUCTS_DIR; };
		033A53FC299085F700C08ECC /* AppDelegate.swift */ = {isa = PBXFileReference; lastKnownFileType = sourcecode.swift; path = AppDelegate.swift; sourceTree = "<group>"; };
		033A53FE299085F700C08ECC /* SceneDelegate.swift */ = {isa = PBXFileReference; lastKnownFileType = sourcecode.swift; path = SceneDelegate.swift; sourceTree = "<group>"; };
		033A5400299085F700C08ECC /* ViewController.swift */ = {isa = PBXFileReference; lastKnownFileType = sourcecode.swift; path = ViewController.swift; sourceTree = "<group>"; };
		033A5403299085F700C08ECC /* Base */ = {isa = PBXFileReference; lastKnownFileType = file.storyboard; name = Base; path = Base.lproj/Main.storyboard; sourceTree = "<group>"; };
		033A5405299085F900C08ECC /* Assets.xcassets */ = {isa = PBXFileReference; lastKnownFileType = folder.assetcatalog; path = Assets.xcassets; sourceTree = "<group>"; };
		033A5408299085F900C08ECC /* Base */ = {isa = PBXFileReference; lastKnownFileType = file.storyboard; name = Base; path = Base.lproj/LaunchScreen.storyboard; sourceTree = "<group>"; };
		033A540A299085F900C08ECC /* Info.plist */ = {isa = PBXFileReference; lastKnownFileType = text.plist.xml; path = Info.plist; sourceTree = "<group>"; };
		033A5410299086F900C08ECC /* MapViewController.swift */ = {isa = PBXFileReference; lastKnownFileType = sourcecode.swift; path = MapViewController.swift; sourceTree = "<group>"; };
		033A54122991A22E00C08ECC /* Data.plist */ = {isa = PBXFileReference; fileEncoding = 4; lastKnownFileType = text.plist.xml; path = Data.plist; sourceTree = "<group>"; };
		033A54142991A92800C08ECC /* Place.swift */ = {isa = PBXFileReference; lastKnownFileType = sourcecode.swift; path = Place.swift; sourceTree = "<group>"; };
		033A54162991AABC00C08ECC /* PlaceMarkerView.swift */ = {isa = PBXFileReference; lastKnownFileType = sourcecode.swift; path = PlaceMarkerView.swift; sourceTree = "<group>"; };
		033A541A2992E0A700C08ECC /* FavoritesViewController.swift */ = {isa = PBXFileReference; lastKnownFileType = sourcecode.swift; path = FavoritesViewController.swift; sourceTree = "<group>"; };
		033A541C2993009E00C08ECC /* DataManager.swift */ = {isa = PBXFileReference; lastKnownFileType = sourcecode.swift; path = DataManager.swift; sourceTree = "<group>"; };
/* End PBXFileReference section */

/* Begin PBXFrameworksBuildPhase section */
		033A53F6299085F700C08ECC /* Frameworks */ = {
			isa = PBXFrameworksBuildPhase;
			buildActionMask = 2147483647;
			files = (
			);
			runOnlyForDeploymentPostprocessing = 0;
		};
/* End PBXFrameworksBuildPhase section */

/* Begin PBXGroup section */
		033A53F0299085F700C08ECC = {
			isa = PBXGroup;
			children = (
				033A53FB299085F700C08ECC /* My-Kind-Of-Town */,
				033A53FA299085F700C08ECC /* Products */,
			);
			sourceTree = "<group>";
		};
		033A53FA299085F700C08ECC /* Products */ = {
			isa = PBXGroup;
			children = (
				033A53F9299085F700C08ECC /* My-Kind-Of-Town.app */,
			);
			name = Products;
			sourceTree = "<group>";
		};
		033A53FB299085F700C08ECC /* My-Kind-Of-Town */ = {
			isa = PBXGroup;
			children = (
				033A53FC299085F700C08ECC /* AppDelegate.swift */,
				033A53FE299085F700C08ECC /* SceneDelegate.swift */,
				033A5400299085F700C08ECC /* ViewController.swift */,
				033A5402299085F700C08ECC /* Main.storyboard */,
				033A541A2992E0A700C08ECC /* FavoritesViewController.swift */,
				033A541C2993009E00C08ECC /* DataManager.swift */,
				033A5410299086F900C08ECC /* MapViewController.swift */,
				033A54142991A92800C08ECC /* Place.swift */,
				033A54162991AABC00C08ECC /* PlaceMarkerView.swift */,
				033A5405299085F900C08ECC /* Assets.xcassets */,
				033A5407299085F900C08ECC /* LaunchScreen.storyboard */,
				033A540A299085F900C08ECC /* Info.plist */,
				033A54122991A22E00C08ECC /* Data.plist */,
			);
			path = "My-Kind-Of-Town";
			sourceTree = "<group>";
		};
/* End PBXGroup section */

/* Begin PBXNativeTarget section */
		033A53F8299085F700C08ECC /* My-Kind-Of-Town */ = {
			isa = PBXNativeTarget;
			buildConfigurationList = 033A540D299085F900C08ECC /* Build configuration list for PBXNativeTarget "My-Kind-Of-Town" */;
			buildPhases = (
				033A53F5299085F700C08ECC /* Sources */,
				033A53F6299085F700C08ECC /* Frameworks */,
				033A53F7299085F700C08ECC /* Resources */,
			);
			buildRules = (
			);
			dependencies = (
			);
			name = "My-Kind-Of-Town";
			productName = "My-Kind-Of-Town";
			productReference = 033A53F9299085F700C08ECC /* My-Kind-Of-Town.app */;
			productType = "com.apple.product-type.application";
		};
/* End PBXNativeTarget section */

/* Begin PBXProject section */
		033A53F1299085F700C08ECC /* Project object */ = {
			isa = PBXProject;
			attributes = {
				BuildIndependentTargetsInParallel = 1;
				LastSwiftUpdateCheck = 1420;
				LastUpgradeCheck = 1420;
				TargetAttributes = {
					033A53F8299085F700C08ECC = {
						CreatedOnToolsVersion = 14.2;
					};
				};
			};
			buildConfigurationList = 033A53F4299085F700C08ECC /* Build configuration list for PBXProject "My-Kind-Of-Town" */;
			compatibilityVersion = "Xcode 14.0";
			developmentRegion = en;
			hasScannedForEncodings = 0;
			knownRegions = (
				en,
				Base,
			);
			mainGroup = 033A53F0299085F700C08ECC;
			productRefGroup = 033A53FA299085F700C08ECC /* Products */;
			projectDirPath = "";
			projectRoot = "";
			targets = (
				033A53F8299085F700C08ECC /* My-Kind-Of-Town */,
			);
		};
/* End PBXProject section */

/* Begin PBXResourcesBuildPhase section */
		033A53F7299085F700C08ECC /* Resources */ = {
			isa = PBXResourcesBuildPhase;
			buildActionMask = 2147483647;
			files = (
				033A5409299085F900C08ECC /* LaunchScreen.storyboard in Resources */,
				033A5406299085F900C08ECC /* Assets.xcassets in Resources */,
				033A54132991A22E00C08ECC /* Data.plist in Resources */,
				033A5404299085F700C08ECC /* Main.storyboard in Resources */,
			);
			runOnlyForDeploymentPostprocessing = 0;
		};
/* End PBXResourcesBuildPhase section */

/* Begin PBXSourcesBuildPhase section */
		033A53F5299085F700C08ECC /* Sources */ = {
			isa = PBXSourcesBuildPhase;
			buildActionMask = 2147483647;
			files = (
				033A54172991AABC00C08ECC /* PlaceMarkerView.swift in Sources */,
				033A541D2993009E00C08ECC /* DataManager.swift in Sources */,
				033A5401299085F700C08ECC /* ViewController.swift in Sources */,
				033A541B2992E0A700C08ECC /* FavoritesViewController.swift in Sources */,
				033A53FD299085F700C08ECC /* AppDelegate.swift in Sources */,
				033A53FF299085F700C08ECC /* SceneDelegate.swift in Sources */,
				033A5411299086F900C08ECC /* MapViewController.swift in Sources */,
				033A54152991A92800C08ECC /* Place.swift in Sources */,
			);
			runOnlyForDeploymentPostprocessing = 0;
		};
/* End PBXSourcesBuildPhase section */

/* Begin PBXVariantGroup section */
		033A5402299085F700C08ECC /* Main.storyboard */ = {
			isa = PBXVariantGroup;
			children = (
				033A5403299085F700C08ECC /* Base */,
			);
			name = Main.storyboard;
			sourceTree = "<group>";
		};
		033A5407299085F900C08ECC /* LaunchScreen.storyboard */ = {
			isa = PBXVariantGroup;
			children = (
				033A5408299085F900C08ECC /* Base */,
			);
			name = LaunchScreen.storyboard;
			sourceTree = "<group>";
		};
/* End PBXVariantGroup section */

/* Begin XCBuildConfiguration section */
		033A540B299085F900C08ECC /* Debug */ = {
			isa = XCBuildConfiguration;
			buildSettings = {
				ALWAYS_SEARCH_USER_PATHS = NO;
				CLANG_ANALYZER_NONNULL = YES;
				CLANG_ANALYZER_NUMBER_OBJECT_CONVERSION = YES_AGGRESSIVE;
				CLANG_CXX_LANGUAGE_STANDARD = "gnu++20";
				CLANG_ENABLE_MODULES = YES;
				CLANG_ENABLE_OBJC_ARC = YES;
				CLANG_ENABLE_OBJC_WEAK = YES;
				CLANG_WARN_BLOCK_CAPTURE_AUTORELEASING = YES;
				CLANG_WARN_BOOL_CONVERSION = YES;
				CLANG_WARN_COMMA = YES;
				CLANG_WARN_CONSTANT_CONVERSION = YES;
				CLANG_WARN_DEPRECATED_OBJC_IMPLEMENTATIONS = YES;
				CLANG_WARN_DIRECT_OBJC_ISA_USAGE = YES_ERROR;
				CLANG_WARN_DOCUMENTATION_COMMENTS = YES;
				CLANG_WARN_EMPTY_BODY = YES;
				CLANG_WARN_ENUM_CONVERSION = YES;
				CLANG_WARN_INFINITE_RECURSION = YES;
				CLANG_WARN_INT_CONVERSION = YES;
				CLANG_WARN_NON_LITERAL_NULL_CONVERSION = YES;
				CLANG_WARN_OBJC_IMPLICIT_RETAIN_SELF = YES;
				CLANG_WARN_OBJC_LITERAL_CONVERSION = YES;
				CLANG_WARN_OBJC_ROOT_CLASS = YES_ERROR;
				CLANG_WARN_QUOTED_INCLUDE_IN_FRAMEWORK_HEADER = YES;
				CLANG_WARN_RANGE_LOOP_ANALYSIS = YES;
				CLANG_WARN_STRICT_PROTOTYPES = YES;
				CLANG_WARN_SUSPICIOUS_MOVE = YES;
				CLANG_WARN_UNGUARDED_AVAILABILITY = YES_AGGRESSIVE;
				CLANG_WARN_UNREACHABLE_CODE = YES;
				CLANG_WARN__DUPLICATE_METHOD_MATCH = YES;
				COPY_PHASE_STRIP = NO;
				DEBUG_INFORMATION_FORMAT = dwarf;
				ENABLE_STRICT_OBJC_MSGSEND = YES;
				ENABLE_TESTABILITY = YES;
				GCC_C_LANGUAGE_STANDARD = gnu11;
				GCC_DYNAMIC_NO_PIC = NO;
				GCC_NO_COMMON_BLOCKS = YES;
				GCC_OPTIMIZATION_LEVEL = 0;
				GCC_PREPROCESSOR_DEFINITIONS = (
					"DEBUG=1",
					"$(inherited)",
				);
				GCC_WARN_64_TO_32_BIT_CONVERSION = YES;
				GCC_WARN_ABOUT_RETURN_TYPE = YES_ERROR;
				GCC_WARN_UNDECLARED_SELECTOR = YES;
				GCC_WARN_UNINITIALIZED_AUTOS = YES_AGGRESSIVE;
				GCC_WARN_UNUSED_FUNCTION = YES;
				GCC_WARN_UNUSED_VARIABLE = YES;
				IPHONEOS_DEPLOYMENT_TARGET = 16.2;
				MTL_ENABLE_DEBUG_INFO = INCLUDE_SOURCE;
				MTL_FAST_MATH = YES;
				ONLY_ACTIVE_ARCH = YES;
				SDKROOT = iphoneos;
				SWIFT_ACTIVE_COMPILATION_CONDITIONS = DEBUG;
				SWIFT_OPTIMIZATION_LEVEL = "-Onone";
			};
			name = Debug;
		};
		033A540C299085F900C08ECC /* Release */ = {
			isa = XCBuildConfiguration;
			buildSettings = {
				ALWAYS_SEARCH_USER_PATHS = NO;
				CLANG_ANALYZER_NONNULL = YES;
				CLANG_ANALYZER_NUMBER_OBJECT_CONVERSION = YES_AGGRESSIVE;
				CLANG_CXX_LANGUAGE_STANDARD = "gnu++20";
				CLANG_ENABLE_MODULES = YES;
				CLANG_ENABLE_OBJC_ARC = YES;
				CLANG_ENABLE_OBJC_WEAK = YES;
				CLANG_WARN_BLOCK_CAPTURE_AUTORELEASING = YES;
				CLANG_WARN_BOOL_CONVERSION = YES;
				CLANG_WARN_COMMA = YES;
				CLANG_WARN_CONSTANT_CONVERSION = YES;
				CLANG_WARN_DEPRECATED_OBJC_IMPLEMENTATIONS = YES;
				CLANG_WARN_DIRECT_OBJC_ISA_USAGE = YES_ERROR;
				CLANG_WARN_DOCUMENTATION_COMMENTS = YES;
				CLANG_WARN_EMPTY_BODY = YES;
				CLANG_WARN_ENUM_CONVERSION = YES;
				CLANG_WARN_INFINITE_RECURSION = YES;
				CLANG_WARN_INT_CONVERSION = YES;
				CLANG_WARN_NON_LITERAL_NULL_CONVERSION = YES;
				CLANG_WARN_OBJC_IMPLICIT_RETAIN_SELF = YES;
				CLANG_WARN_OBJC_LITERAL_CONVERSION = YES;
				CLANG_WARN_OBJC_ROOT_CLASS = YES_ERROR;
				CLANG_WARN_QUOTED_INCLUDE_IN_FRAMEWORK_HEADER = YES;
				CLANG_WARN_RANGE_LOOP_ANALYSIS = YES;
				CLANG_WARN_STRICT_PROTOTYPES = YES;
				CLANG_WARN_SUSPICIOUS_MOVE = YES;
				CLANG_WARN_UNGUARDED_AVAILABILITY = YES_AGGRESSIVE;
				CLANG_WARN_UNREACHABLE_CODE = YES;
				CLANG_WARN__DUPLICATE_METHOD_MATCH = YES;
				COPY_PHASE_STRIP = NO;
				DEBUG_INFORMATION_FORMAT = "dwarf-with-dsym";
				ENABLE_NS_ASSERTIONS = NO;
				ENABLE_STRICT_OBJC_MSGSEND = YES;
				GCC_C_LANGUAGE_STANDARD = gnu11;
				GCC_NO_COMMON_BLOCKS = YES;
				GCC_WARN_64_TO_32_BIT_CONVERSION = YES;
				GCC_WARN_ABOUT_RETURN_TYPE = YES_ERROR;
				GCC_WARN_UNDECLARED_SELECTOR = YES;
				GCC_WARN_UNINITIALIZED_AUTOS = YES_AGGRESSIVE;
				GCC_WARN_UNUSED_FUNCTION = YES;
				GCC_WARN_UNUSED_VARIABLE = YES;
				IPHONEOS_DEPLOYMENT_TARGET = 16.2;
				MTL_ENABLE_DEBUG_INFO = NO;
				MTL_FAST_MATH = YES;
				SDKROOT = iphoneos;
				SWIFT_COMPILATION_MODE = wholemodule;
				SWIFT_OPTIMIZATION_LEVEL = "-O";
				VALIDATE_PRODUCT = YES;
			};
			name = Release;
		};
		033A540E299085F900C08ECC /* Debug */ = {
			isa = XCBuildConfiguration;
			buildSettings = {
				ASSETCATALOG_COMPILER_APPICON_NAME = AppIcon;
				ASSETCATALOG_COMPILER_GLOBAL_ACCENT_COLOR_NAME = AccentColor;
				CODE_SIGN_STYLE = Automatic;
				CURRENT_PROJECT_VERSION = 1;
				DEVELOPMENT_TEAM = V2D9K4FP25;
				GENERATE_INFOPLIST_FILE = YES;
				INFOPLIST_FILE = "My-Kind-Of-Town/Info.plist";
				INFOPLIST_KEY_UIApplicationSupportsIndirectInputEvents = YES;
				INFOPLIST_KEY_UILaunchStoryboardName = LaunchScreen;
				INFOPLIST_KEY_UIMainStoryboardFile = Main;
				INFOPLIST_KEY_UISupportedInterfaceOrientations_iPad = "UIInterfaceOrientationPortrait UIInterfaceOrientationPortraitUpsideDown UIInterfaceOrientationLandscapeLeft UIInterfaceOrientationLandscapeRight";
				INFOPLIST_KEY_UISupportedInterfaceOrientations_iPhone = "UIInterfaceOrientationPortrait UIInterfaceOrientationLandscapeLeft UIInterfaceOrientationLandscapeRight";
				LD_RUNPATH_SEARCH_PATHS = (
					"$(inherited)",
					"@executable_path/Frameworks",
				);
				MARKETING_VERSION = 1.0;
				PRODUCT_BUNDLE_IDENTIFIER = "com.example.My-Kind-Of-Town";
				PRODUCT_NAME = "$(TARGET_NAME)";
				SUPPORTED_PLATFORMS = "iphoneos iphonesimulator";
				SUPPORTS_MACCATALYST = NO;
				SUPPORTS_MAC_DESIGNED_FOR_IPHONE_IPAD = NO;
				SWIFT_EMIT_LOC_STRINGS = YES;
				SWIFT_VERSION = 5.0;
				TARGETED_DEVICE_FAMILY = 1;
			};
			name = Debug;
		};
		033A540F299085F900C08ECC /* Release */ = {
			isa = XCBuildConfiguration;
			buildSettings = {
				ASSETCATALOG_COMPILER_APPICON_NAME = AppIcon;
				ASSETCATALOG_COMPILER_GLOBAL_ACCENT_COLOR_NAME = AccentColor;
				CODE_SIGN_STYLE = Automatic;
				CURRENT_PROJECT_VERSION = 1;
				DEVELOPMENT_TEAM = V2D9K4FP25;
				GENERATE_INFOPLIST_FILE = YES;
				INFOPLIST_FILE = "My-Kind-Of-Town/Info.plist";
				INFOPLIST_KEY_UIApplicationSupportsIndirectInputEvents = YES;
				INFOPLIST_KEY_UILaunchStoryboardName = LaunchScreen;
				INFOPLIST_KEY_UIMainStoryboardFile = Main;
				INFOPLIST_KEY_UISupportedInterfaceOrientations_iPad = "UIInterfaceOrientationPortrait UIInterfaceOrientationPortraitUpsideDown UIInterfaceOrientationLandscapeLeft UIInterfaceOrientationLandscapeRight";
				INFOPLIST_KEY_UISupportedInterfaceOrientations_iPhone = "UIInterfaceOrientationPortrait UIInterfaceOrientationLandscapeLeft UIInterfaceOrientationLandscapeRight";
				LD_RUNPATH_SEARCH_PATHS = (
					"$(inherited)",
					"@executable_path/Frameworks",
				);
				MARKETING_VERSION = 1.0;
				PRODUCT_BUNDLE_IDENTIFIER = "com.example.My-Kind-Of-Town";
				PRODUCT_NAME = "$(TARGET_NAME)";
				SUPPORTED_PLATFORMS = "iphoneos iphonesimulator";
				SUPPORTS_MACCATALYST = NO;
				SUPPORTS_MAC_DESIGNED_FOR_IPHONE_IPAD = NO;
				SWIFT_EMIT_LOC_STRINGS = YES;
				SWIFT_VERSION = 5.0;
				TARGETED_DEVICE_FAMILY = 1;
			};
			name = Release;
		};
/* End XCBuildConfiguration section */

/* Begin XCConfigurationList section */
		033A53F4299085F700C08ECC /* Build configuration list for PBXProject "My-Kind-Of-Town" */ = {
			isa = XCConfigurationList;
			buildConfigurations = (
				033A540B299085F900C08ECC /* Debug */,
				033A540C299085F900C08ECC /* Release */,
			);
			defaultConfigurationIsVisible = 0;
			defaultConfigurationName = Release;
		};
		033A540D299085F900C08ECC /* Build configuration list for PBXNativeTarget "My-Kind-Of-Town" */ = {
			isa = XCConfigurationList;
			buildConfigurations = (
				033A540E299085F900C08ECC /* Debug */,
				033A540F299085F900C08ECC /* Release */,
			);
			defaultConfigurationIsVisible = 0;
			defaultConfigurationName = Release;
		};
/* End XCConfigurationList section */
	};
	rootObject = 033A53F1299085F700C08ECC /* Project object */;
}
